
Microsoft Visual Studio Solution File, Format Version 12.00
# Visual Studio 15
VisualStudioVersion = 15.0.28307.271
MinimumVisualStudioVersion = 10.0.40219.1
Project("{FAE04EC0-301F-11D3-BF4B-00C04F79EFBC}") = "MovieNetWPF", "MovieNetWPF.csproj", "{56FACF2B-3CFB-478B-AAA5-C1EB7343A588}"
EndProject
Global
	GlobalSection(SolutionConfigurationPlatforms) = preSolution
		Debug|Any CPU = Debug|Any CPU
		Release|Any CPU = Release|Any CPU
	EndGlobalSection
	GlobalSection(ProjectConfigurationPlatforms) = postSolution
		{56FACF2B-3CFB-478B-AAA5-C1EB7343A588}.Debug|Any CPU.ActiveCfg = Debug|Any CPU
		{56FACF2B-3CFB-478B-AAA5-C1EB7343A588}.Debug|Any CPU.Build.0 = Debug|Any CPU
		{56FACF2B-3CFB-478B-AAA5-C1EB7343A588}.Release|Any CPU.ActiveCfg = Release|Any CPU
		{56FACF2B-3CFB-478B-AAA5-C1EB7343A588}.Release|Any CPU.Build.0 = Release|Any CPU
	EndGlobalSection
	GlobalSection(SolutionProperties) = preSolution
		HideSolutionNode = FALSE
	EndGlobalSection
	GlobalSection(ExtensibilityGlobals) = postSolution
		SolutionGuid = {69481107-2EFE-45F8-B05B-C586ECC47EA2}
	EndGlobalSection
EndGlobal
